
Microsoft Visual Studio Solution File, Format Version 12.00
# Visual Studio Version 16
VisualStudioVersion = 16.0.32106.194
MinimumVisualStudioVersion = 10.0.40219.1
Project("{FAE04EC0-301F-11D3-BF4B-00C04F79EFBC}") = "ReservaServicios.Api.Reserva", "ReservaServicios.Api.Reserva\ReservaServicios.Api.Reserva.csproj", "{58A143CD-24CB-4BD3-AC28-BD1310BA3E96}"
EndProject
Global
	GlobalSection(SolutionConfigurationPlatforms) = preSolution
		Debug|Any CPU = Debug|Any CPU
		Release|Any CPU = Release|Any CPU
	EndGlobalSection
	GlobalSection(ProjectConfigurationPlatforms) = postSolution
		{58A143CD-24CB-4BD3-AC28-BD1310BA3E96}.Debug|Any CPU.ActiveCfg = Debug|Any CPU
		{58A143CD-24CB-4BD3-AC28-BD1310BA3E96}.Debug|Any CPU.Build.0 = Debug|Any CPU
		{58A143CD-24CB-4BD3-AC28-BD1310BA3E96}.Release|Any CPU.ActiveCfg = Release|Any CPU
		{58A143CD-24CB-4BD3-AC28-BD1310BA3E96}.Release|Any CPU.Build.0 = Release|Any CPU
	EndGlobalSection
	GlobalSection(SolutionProperties) = preSolution
		HideSolutionNode = FALSE
	EndGlobalSection
	GlobalSection(ExtensibilityGlobals) = postSolution
		SolutionGuid = {6765756C-2703-49EB-8D28-D71B8CD5A011}
	EndGlobalSection
EndGlobal
